
Microsoft Visual Studio Solution File, Format Version 12.00
# Visual Studio Version 17
VisualStudioVersion = 17.2.32630.192
MinimumVisualStudioVersion = 10.0.40219.1
Project("{FAE04EC0-301F-11D3-BF4B-00C04F79EFBC}") = "HelloWorld", "HelloWorld\HelloWorld.csproj", "{3772C28C-82A6-4048-8597-5C894B71991B}"
EndProject
Global
	GlobalSection(SolutionConfigurationPlatforms) = preSolution
		Debug|Any CPU = Debug|Any CPU
		Release|Any CPU = Release|Any CPU
	EndGlobalSection
	GlobalSection(ProjectConfigurationPlatforms) = postSolution
		{3772C28C-82A6-4048-8597-5C894B71991B}.Debug|Any CPU.ActiveCfg = Debug|Any CPU
		{3772C28C-82A6-4048-8597-5C894B71991B}.Debug|Any CPU.Build.0 = Debug|Any CPU
		{3772C28C-82A6-4048-8597-5C894B71991B}.Release|Any CPU.ActiveCfg = Release|Any CPU
		{3772C28C-82A6-4048-8597-5C894B71991B}.Release|Any CPU.Build.0 = Release|Any CPU
	EndGlobalSection
	GlobalSection(SolutionProperties) = preSolution
		HideSolutionNode = FALSE
	EndGlobalSection
	GlobalSection(ExtensibilityGlobals) = postSolution
		SolutionGuid = {4FB20CE1-5D2E-445A-8C0C-17BC05CA655D}
	EndGlobalSection
EndGlobal
